// !$*UTF8*$!
{
	archiveVersion = 1;
	classes = {
	};
	objectVersion = 56;
	objects = {

/* Begin PBXBuildFile section */
		4D0DC8352C1712B200FC1422 /* CustomButton.swift in Sources */ = {isa = PBXBuildFile; fileRef = 4D0DC8342C1712B200FC1422 /* CustomButton.swift */; };
		4D0DC8382C17152500FC1422 /* Checker.swift in Sources */ = {isa = PBXBuildFile; fileRef = 4D0DC8372C17152500FC1422 /* Checker.swift */; };
		4D0DC83A2C1716D800FC1422 /* UsersList.swift in Sources */ = {isa = PBXBuildFile; fileRef = 4D0DC8392C1716D800FC1422 /* UsersList.swift */; };
		4D0DC83C2C1725BE00FC1422 /* LoginViewControllerDelegate.swift in Sources */ = {isa = PBXBuildFile; fileRef = 4D0DC83B2C1725BE00FC1422 /* LoginViewControllerDelegate.swift */; };
		4D0DC83E2C17274A00FC1422 /* LoginInspector.swift in Sources */ = {isa = PBXBuildFile; fileRef = 4D0DC83D2C17274A00FC1422 /* LoginInspector.swift */; };
		4D12EA8A2BF7658400D745C0 /* PostTableViewCell.swift in Sources */ = {isa = PBXBuildFile; fileRef = 4D12EA892BF7658400D745C0 /* PostTableViewCell.swift */; };
		4D12EA8D2BF7661400D745C0 /* UITableView.swift in Sources */ = {isa = PBXBuildFile; fileRef = 4D12EA8C2BF7661400D745C0 /* UITableView.swift */; };
		4D1B819F2C06124800212D36 /* Reusable.swift in Sources */ = {isa = PBXBuildFile; fileRef = 4D1B819E2C06124800212D36 /* Reusable.swift */; };
		4D1B81A22C06135700212D36 /* Photo.swift in Sources */ = {isa = PBXBuildFile; fileRef = 4D1B81A12C06135700212D36 /* Photo.swift */; };
		4D1B81A52C0613A500212D36 /* PhotosTableViewCell.swift in Sources */ = {isa = PBXBuildFile; fileRef = 4D1B81A42C0613A500212D36 /* PhotosTableViewCell.swift */; };
		4D1B81A72C0613E100212D36 /* PhotosCollectionViewCell.swift in Sources */ = {isa = PBXBuildFile; fileRef = 4D1B81A62C0613E100212D36 /* PhotosCollectionViewCell.swift */; };
		4D1B81A92C06141A00212D36 /* PhotosViewController.swift in Sources */ = {isa = PBXBuildFile; fileRef = 4D1B81A82C06141A00212D36 /* PhotosViewController.swift */; };
		4D1DA1A32BB4C8FB00A1E777 /* AppDelegate.swift in Sources */ = {isa = PBXBuildFile; fileRef = 4D1DA1A22BB4C8FB00A1E777 /* AppDelegate.swift */; };
		4D1DA1A52BB4C8FB00A1E777 /* SceneDelegate.swift in Sources */ = {isa = PBXBuildFile; fileRef = 4D1DA1A42BB4C8FB00A1E777 /* SceneDelegate.swift */; };
		4D1DA1A72BB4C8FB00A1E777 /* ViewController.swift in Sources */ = {isa = PBXBuildFile; fileRef = 4D1DA1A62BB4C8FB00A1E777 /* ViewController.swift */; };
		4D1DA1AC2BB4C8FC00A1E777 /* Assets.xcassets in Resources */ = {isa = PBXBuildFile; fileRef = 4D1DA1AB2BB4C8FC00A1E777 /* Assets.xcassets */; };
		4D1DA1AF2BB4C8FC00A1E777 /* Base in Resources */ = {isa = PBXBuildFile; fileRef = 4D1DA1AE2BB4C8FC00A1E777 /* Base */; };
		4D1DA1B72BB4CA7400A1E777 /* FeedViewController.swift in Sources */ = {isa = PBXBuildFile; fileRef = 4D1DA1B62BB4CA7400A1E777 /* FeedViewController.swift */; };
		4D1DA1B92BB4CAA500A1E777 /* ProfileViewController.swift in Sources */ = {isa = PBXBuildFile; fileRef = 4D1DA1B82BB4CAA500A1E777 /* ProfileViewController.swift */; };
		4D1DA1BB2BB4CB4C00A1E777 /* PostViewController.swift in Sources */ = {isa = PBXBuildFile; fileRef = 4D1DA1BA2BB4CB4C00A1E777 /* PostViewController.swift */; };
		4D1DA1BF2BB4CBA200A1E777 /* InfoViewController.swift in Sources */ = {isa = PBXBuildFile; fileRef = 4D1DA1BE2BB4CBA200A1E777 /* InfoViewController.swift */; };
		4D3BF30A2BBABAC900A3E0B0 /* ProfileHeaderView.swift in Sources */ = {isa = PBXBuildFile; fileRef = 4D3BF3092BBABAC800A3E0B0 /* ProfileHeaderView.swift */; };
		4D3BF30C2BBEDC4E00A3E0B0 /* LogInViewController.swift in Sources */ = {isa = PBXBuildFile; fileRef = 4D3BF30B2BBEDC4E00A3E0B0 /* LogInViewController.swift */; };
		4DBFBD022BFF61A0009E6EFB /* StorageService.docc in Sources */ = {isa = PBXBuildFile; fileRef = 4DBFBD012BFF61A0009E6EFB /* StorageService.docc */; };
		4DBFBD082BFF61A0009E6EFB /* StorageService.framework in Frameworks */ = {isa = PBXBuildFile; fileRef = 4DBFBCFE2BFF61A0009E6EFB /* StorageService.framework */; };
		4DBFBD0F2BFF61A0009E6EFB /* StorageServiceTests.swift in Sources */ = {isa = PBXBuildFile; fileRef = 4DBFBD0E2BFF61A0009E6EFB /* StorageServiceTests.swift */; };
		4DBFBD102BFF61A0009E6EFB /* StorageService.h in Headers */ = {isa = PBXBuildFile; fileRef = 4DBFBD002BFF61A0009E6EFB /* StorageService.h */; settings = {ATTRIBUTES = (Public, ); }; };
		4DBFBD132BFF61A0009E6EFB /* StorageService.framework in Frameworks */ = {isa = PBXBuildFile; fileRef = 4DBFBCFE2BFF61A0009E6EFB /* StorageService.framework */; };
		4DBFBD142BFF61A0009E6EFB /* StorageService.framework in Embed Frameworks */ = {isa = PBXBuildFile; fileRef = 4DBFBCFE2BFF61A0009E6EFB /* StorageService.framework */; settings = {ATTRIBUTES = (CodeSignOnCopy, RemoveHeadersOnCopy, ); }; };
		4DBFBD1C2BFF61D6009E6EFB /* Post.swift in Sources */ = {isa = PBXBuildFile; fileRef = 4D1DA1BC2BB4CB6600A1E777 /* Post.swift */; };
		4DFF97E72C0BA7460039C9F8 /* User.swift in Sources */ = {isa = PBXBuildFile; fileRef = 4DFF97E62C0BA7460039C9F8 /* User.swift */; };
		4DFF97EA2C0BAB290039C9F8 /* UserService.swift in Sources */ = {isa = PBXBuildFile; fileRef = 4DFF97E92C0BAB290039C9F8 /* UserService.swift */; };
		4DFF97EC2C11D87D0039C9F8 /* CurrentUserService.swift in Sources */ = {isa = PBXBuildFile; fileRef = 4DFF97EB2C11D87D0039C9F8 /* CurrentUserService.swift */; };
		4DFF97F02C11E79E0039C9F8 /* TestUserService.swift in Sources */ = {isa = PBXBuildFile; fileRef = 4DFF97EF2C11E79E0039C9F8 /* TestUserService.swift */; };
/* End PBXBuildFile section */

/* Begin PBXContainerItemProxy section */
		4DBFBD092BFF61A0009E6EFB /* PBXContainerItemProxy */ = {
			isa = PBXContainerItemProxy;
			containerPortal = 4D1DA1972BB4C8FB00A1E777 /* Project object */;
			proxyType = 1;
			remoteGlobalIDString = 4DBFBCFD2BFF61A0009E6EFB;
			remoteInfo = StorageService;
		};
		4DBFBD0B2BFF61A0009E6EFB /* PBXContainerItemProxy */ = {
			isa = PBXContainerItemProxy;
			containerPortal = 4D1DA1972BB4C8FB00A1E777 /* Project object */;
			proxyType = 1;
			remoteGlobalIDString = 4D1DA19E2BB4C8FB00A1E777;
			remoteInfo = Navigation;
		};
		4DBFBD112BFF61A0009E6EFB /* PBXContainerItemProxy */ = {
			isa = PBXContainerItemProxy;
			containerPortal = 4D1DA1972BB4C8FB00A1E777 /* Project object */;
			proxyType = 1;
			remoteGlobalIDString = 4DBFBCFD2BFF61A0009E6EFB;
			remoteInfo = StorageService;
		};
/* End PBXContainerItemProxy section */

/* Begin PBXCopyFilesBuildPhase section */
		4DBFBD152BFF61A0009E6EFB /* Embed Frameworks */ = {
			isa = PBXCopyFilesBuildPhase;
			buildActionMask = 2147483647;
			dstPath = "";
			dstSubfolderSpec = 10;
			files = (
				4DBFBD142BFF61A0009E6EFB /* StorageService.framework in Embed Frameworks */,
			);
			name = "Embed Frameworks";
			runOnlyForDeploymentPostprocessing = 0;
		};
/* End PBXCopyFilesBuildPhase section */

/* Begin PBXFileReference section */
		4D0DC8342C1712B200FC1422 /* CustomButton.swift */ = {isa = PBXFileReference; lastKnownFileType = sourcecode.swift; path = CustomButton.swift; sourceTree = "<group>"; };
		4D0DC8372C17152500FC1422 /* Checker.swift */ = {isa = PBXFileReference; lastKnownFileType = sourcecode.swift; path = Checker.swift; sourceTree = "<group>"; };
		4D0DC8392C1716D800FC1422 /* UsersList.swift */ = {isa = PBXFileReference; lastKnownFileType = sourcecode.swift; path = UsersList.swift; sourceTree = "<group>"; };
		4D0DC83B2C1725BE00FC1422 /* LoginViewControllerDelegate.swift */ = {isa = PBXFileReference; lastKnownFileType = sourcecode.swift; path = LoginViewControllerDelegate.swift; sourceTree = "<group>"; };
		4D0DC83D2C17274A00FC1422 /* LoginInspector.swift */ = {isa = PBXFileReference; lastKnownFileType = sourcecode.swift; path = LoginInspector.swift; sourceTree = "<group>"; };
		4D12EA892BF7658400D745C0 /* PostTableViewCell.swift */ = {isa = PBXFileReference; lastKnownFileType = sourcecode.swift; path = PostTableViewCell.swift; sourceTree = "<group>"; };
		4D12EA8C2BF7661400D745C0 /* UITableView.swift */ = {isa = PBXFileReference; lastKnownFileType = sourcecode.swift; path = UITableView.swift; sourceTree = "<group>"; };
		4D1B819E2C06124800212D36 /* Reusable.swift */ = {isa = PBXFileReference; lastKnownFileType = sourcecode.swift; path = Reusable.swift; sourceTree = "<group>"; };
		4D1B81A12C06135700212D36 /* Photo.swift */ = {isa = PBXFileReference; lastKnownFileType = sourcecode.swift; path = Photo.swift; sourceTree = "<group>"; };
		4D1B81A42C0613A500212D36 /* PhotosTableViewCell.swift */ = {isa = PBXFileReference; lastKnownFileType = sourcecode.swift; path = PhotosTableViewCell.swift; sourceTree = "<group>"; };
		4D1B81A62C0613E100212D36 /* PhotosCollectionViewCell.swift */ = {isa = PBXFileReference; lastKnownFileType = sourcecode.swift; path = PhotosCollectionViewCell.swift; sourceTree = "<group>"; };
		4D1B81A82C06141A00212D36 /* PhotosViewController.swift */ = {isa = PBXFileReference; lastKnownFileType = sourcecode.swift; path = PhotosViewController.swift; sourceTree = "<group>"; };
		4D1DA19F2BB4C8FB00A1E777 /* Navigation.app */ = {isa = PBXFileReference; explicitFileType = wrapper.application; includeInIndex = 0; path = Navigation.app; sourceTree = BUILT_PRODUCTS_DIR; };
		4D1DA1A22BB4C8FB00A1E777 /* AppDelegate.swift */ = {isa = PBXFileReference; lastKnownFileType = sourcecode.swift; path = AppDelegate.swift; sourceTree = "<group>"; };
		4D1DA1A42BB4C8FB00A1E777 /* SceneDelegate.swift */ = {isa = PBXFileReference; lastKnownFileType = sourcecode.swift; path = SceneDelegate.swift; sourceTree = "<group>"; };
		4D1DA1A62BB4C8FB00A1E777 /* ViewController.swift */ = {isa = PBXFileReference; lastKnownFileType = sourcecode.swift; path = ViewController.swift; sourceTree = "<group>"; };
		4D1DA1AB2BB4C8FC00A1E777 /* Assets.xcassets */ = {isa = PBXFileReference; lastKnownFileType = folder.assetcatalog; path = Assets.xcassets; sourceTree = "<group>"; };
		4D1DA1AE2BB4C8FC00A1E777 /* Base */ = {isa = PBXFileReference; lastKnownFileType = file.storyboard; name = Base; path = Base.lproj/LaunchScreen.storyboard; sourceTree = "<group>"; };
		4D1DA1B02BB4C8FC00A1E777 /* Info.plist */ = {isa = PBXFileReference; lastKnownFileType = text.plist.xml; path = Info.plist; sourceTree = "<group>"; };
		4D1DA1B62BB4CA7400A1E777 /* FeedViewController.swift */ = {isa = PBXFileReference; lastKnownFileType = sourcecode.swift; path = FeedViewController.swift; sourceTree = "<group>"; };
		4D1DA1B82BB4CAA500A1E777 /* ProfileViewController.swift */ = {isa = PBXFileReference; lastKnownFileType = sourcecode.swift; path = ProfileViewController.swift; sourceTree = "<group>"; };
		4D1DA1BA2BB4CB4C00A1E777 /* PostViewController.swift */ = {isa = PBXFileReference; lastKnownFileType = sourcecode.swift; path = PostViewController.swift; sourceTree = "<group>"; };
		4D1DA1BC2BB4CB6600A1E777 /* Post.swift */ = {isa = PBXFileReference; lastKnownFileType = sourcecode.swift; path = Post.swift; sourceTree = "<group>"; };
		4D1DA1BE2BB4CBA200A1E777 /* InfoViewController.swift */ = {isa = PBXFileReference; lastKnownFileType = sourcecode.swift; path = InfoViewController.swift; sourceTree = "<group>"; };
		4D3BF3092BBABAC800A3E0B0 /* ProfileHeaderView.swift */ = {isa = PBXFileReference; lastKnownFileType = sourcecode.swift; path = ProfileHeaderView.swift; sourceTree = "<group>"; };
		4D3BF30B2BBEDC4E00A3E0B0 /* LogInViewController.swift */ = {isa = PBXFileReference; lastKnownFileType = sourcecode.swift; path = LogInViewController.swift; sourceTree = "<group>"; };
		4DBFBCFE2BFF61A0009E6EFB /* StorageService.framework */ = {isa = PBXFileReference; explicitFileType = wrapper.framework; includeInIndex = 0; path = StorageService.framework; sourceTree = BUILT_PRODUCTS_DIR; };
		4DBFBD002BFF61A0009E6EFB /* StorageService.h */ = {isa = PBXFileReference; lastKnownFileType = sourcecode.c.h; path = StorageService.h; sourceTree = "<group>"; };
		4DBFBD012BFF61A0009E6EFB /* StorageService.docc */ = {isa = PBXFileReference; lastKnownFileType = folder.documentationcatalog; path = StorageService.docc; sourceTree = "<group>"; };
		4DBFBD072BFF61A0009E6EFB /* StorageServiceTests.xctest */ = {isa = PBXFileReference; explicitFileType = wrapper.cfbundle; includeInIndex = 0; path = StorageServiceTests.xctest; sourceTree = BUILT_PRODUCTS_DIR; };
		4DBFBD0E2BFF61A0009E6EFB /* StorageServiceTests.swift */ = {isa = PBXFileReference; lastKnownFileType = sourcecode.swift; path = StorageServiceTests.swift; sourceTree = "<group>"; };
		4DFF97E62C0BA7460039C9F8 /* User.swift */ = {isa = PBXFileReference; lastKnownFileType = sourcecode.swift; path = User.swift; sourceTree = "<group>"; };
		4DFF97E92C0BAB290039C9F8 /* UserService.swift */ = {isa = PBXFileReference; lastKnownFileType = sourcecode.swift; path = UserService.swift; sourceTree = "<group>"; };
		4DFF97EB2C11D87D0039C9F8 /* CurrentUserService.swift */ = {isa = PBXFileReference; lastKnownFileType = sourcecode.swift; path = CurrentUserService.swift; sourceTree = "<group>"; };
		4DFF97EF2C11E79E0039C9F8 /* TestUserService.swift */ = {isa = PBXFileReference; lastKnownFileType = sourcecode.swift; path = TestUserService.swift; sourceTree = "<group>"; };
/* End PBXFileReference section */

/* Begin PBXFrameworksBuildPhase section */
		4D1DA19C2BB4C8FB00A1E777 /* Frameworks */ = {
			isa = PBXFrameworksBuildPhase;
			buildActionMask = 2147483647;
			files = (
				4DBFBD132BFF61A0009E6EFB /* StorageService.framework in Frameworks */,
			);
			runOnlyForDeploymentPostprocessing = 0;
		};
		4DBFBCFB2BFF61A0009E6EFB /* Frameworks */ = {
			isa = PBXFrameworksBuildPhase;
			buildActionMask = 2147483647;
			files = (
			);
			runOnlyForDeploymentPostprocessing = 0;
		};
		4DBFBD042BFF61A0009E6EFB /* Frameworks */ = {
			isa = PBXFrameworksBuildPhase;
			buildActionMask = 2147483647;
			files = (
				4DBFBD082BFF61A0009E6EFB /* StorageService.framework in Frameworks */,
			);
			runOnlyForDeploymentPostprocessing = 0;
		};
/* End PBXFrameworksBuildPhase section */

/* Begin PBXGroup section */
		4D0DC8362C17150300FC1422 /* Login */ = {
			isa = PBXGroup;
			children = (
				4D0DC8372C17152500FC1422 /* Checker.swift */,
				4D0DC83B2C1725BE00FC1422 /* LoginViewControllerDelegate.swift */,
				4D0DC83D2C17274A00FC1422 /* LoginInspector.swift */,
			);
			path = Login;
			sourceTree = "<group>";
		};
		4D12EA882BF764EA00D745C0 /* Model */ = {
			isa = PBXGroup;
			children = (
				4D1B81A12C06135700212D36 /* Photo.swift */,
				4D0DC8392C1716D800FC1422 /* UsersList.swift */,
			);
			path = Model;
			sourceTree = "<group>";
		};
		4D12EA8B2BF765EC00D745C0 /* Utils */ = {
			isa = PBXGroup;
			children = (
				4D12EA8C2BF7661400D745C0 /* UITableView.swift */,
				4D1B819E2C06124800212D36 /* Reusable.swift */,
				4D0DC8342C1712B200FC1422 /* CustomButton.swift */,
			);
			path = Utils;
			sourceTree = "<group>";
		};
		4D1B81A02C06125C00212D36 /* VC */ = {
			isa = PBXGroup;
			children = (
				4D1DA1B82BB4CAA500A1E777 /* ProfileViewController.swift */,
				4D3BF30B2BBEDC4E00A3E0B0 /* LogInViewController.swift */,
				4D1B81A82C06141A00212D36 /* PhotosViewController.swift */,
			);
			path = VC;
			sourceTree = "<group>";
		};
		4D1B81A32C06137F00212D36 /* Cell */ = {
			isa = PBXGroup;
			children = (
				4D12EA892BF7658400D745C0 /* PostTableViewCell.swift */,
				4D1B81A42C0613A500212D36 /* PhotosTableViewCell.swift */,
				4D1B81A62C0613E100212D36 /* PhotosCollectionViewCell.swift */,
			);
			path = Cell;
			sourceTree = "<group>";
		};
		4D1DA1962BB4C8FB00A1E777 = {
			isa = PBXGroup;
			children = (
				4D1DA1A12BB4C8FB00A1E777 /* Navigation */,
				4DBFBCFF2BFF61A0009E6EFB /* StorageService */,
				4DBFBD0D2BFF61A0009E6EFB /* StorageServiceTests */,
				4D1DA1A02BB4C8FB00A1E777 /* Products */,
			);
			sourceTree = "<group>";
		};
		4D1DA1A02BB4C8FB00A1E777 /* Products */ = {
			isa = PBXGroup;
			children = (
				4D1DA19F2BB4C8FB00A1E777 /* Navigation.app */,
				4DBFBCFE2BFF61A0009E6EFB /* StorageService.framework */,
				4DBFBD072BFF61A0009E6EFB /* StorageServiceTests.xctest */,
			);
			name = Products;
			sourceTree = "<group>";
		};
		4D1DA1A12BB4C8FB00A1E777 /* Navigation */ = {
			isa = PBXGroup;
			children = (
				4D1DA1AB2BB4C8FC00A1E777 /* Assets.xcassets */,
				4D12EA882BF764EA00D745C0 /* Model */,
				4D3BF3002BB986C700A3E0B0 /* Profile */,
				4D1DA1B62BB4CA7400A1E777 /* FeedViewController.swift */,
				4D1DA1BA2BB4CB4C00A1E777 /* PostViewController.swift */,
				4D1DA1BE2BB4CBA200A1E777 /* InfoViewController.swift */,
				4D12EA8B2BF765EC00D745C0 /* Utils */,
				4D1DA1A22BB4C8FB00A1E777 /* AppDelegate.swift */,
				4D1DA1A42BB4C8FB00A1E777 /* SceneDelegate.swift */,
				4D1DA1A62BB4C8FB00A1E777 /* ViewController.swift */,
				4D1DA1AD2BB4C8FC00A1E777 /* LaunchScreen.storyboard */,
				4D1DA1B02BB4C8FC00A1E777 /* Info.plist */,
			);
			path = Navigation;
			sourceTree = "<group>";
		};
		4D3BF3002BB986C700A3E0B0 /* Profile */ = {
			isa = PBXGroup;
			children = (
				4D3BF3092BBABAC800A3E0B0 /* ProfileHeaderView.swift */,
				4D1B81A02C06125C00212D36 /* VC */,
				4D0DC8362C17150300FC1422 /* Login */,
				4DFF97E82C0BAAFF0039C9F8 /* User */,
				4D1B81A32C06137F00212D36 /* Cell */,
			);
			path = Profile;
			sourceTree = "<group>";
		};
		4DBFBCFF2BFF61A0009E6EFB /* StorageService */ = {
			isa = PBXGroup;
			children = (
				4D1DA1BC2BB4CB6600A1E777 /* Post.swift */,
				4DBFBD002BFF61A0009E6EFB /* StorageService.h */,
				4DBFBD012BFF61A0009E6EFB /* StorageService.docc */,
			);
			path = StorageService;
			sourceTree = "<group>";
		};
		4DBFBD0D2BFF61A0009E6EFB /* StorageServiceTests */ = {
			isa = PBXGroup;
			children = (
				4DBFBD0E2BFF61A0009E6EFB /* StorageServiceTests.swift */,
			);
			path = StorageServiceTests;
			sourceTree = "<group>";
		};
		4DFF97E82C0BAAFF0039C9F8 /* User */ = {
			isa = PBXGroup;
			children = (
				4DFF97E62C0BA7460039C9F8 /* User.swift */,
				4DFF97E92C0BAB290039C9F8 /* UserService.swift */,
				4DFF97EB2C11D87D0039C9F8 /* CurrentUserService.swift */,
				4DFF97EF2C11E79E0039C9F8 /* TestUserService.swift */,
			);
			path = User;
			sourceTree = "<group>";
		};
/* End PBXGroup section */

/* Begin PBXHeadersBuildPhase section */
		4DBFBCF92BFF61A0009E6EFB /* Headers */ = {
			isa = PBXHeadersBuildPhase;
			buildActionMask = 2147483647;
			files = (
				4DBFBD102BFF61A0009E6EFB /* StorageService.h in Headers */,
			);
			runOnlyForDeploymentPostprocessing = 0;
		};
/* End PBXHeadersBuildPhase section */

/* Begin PBXNativeTarget section */
		4D1DA19E2BB4C8FB00A1E777 /* Navigation */ = {
			isa = PBXNativeTarget;
			buildConfigurationList = 4D1DA1B32BB4C8FC00A1E777 /* Build configuration list for PBXNativeTarget "Navigation" */;
			buildPhases = (
				4D1DA19B2BB4C8FB00A1E777 /* Sources */,
				4D1DA19C2BB4C8FB00A1E777 /* Frameworks */,
				4D1DA19D2BB4C8FB00A1E777 /* Resources */,
				4DBFBD152BFF61A0009E6EFB /* Embed Frameworks */,
			);
			buildRules = (
			);
			dependencies = (
				4DBFBD122BFF61A0009E6EFB /* PBXTargetDependency */,
			);
			name = Navigation;
			productName = Navigation;
			productReference = 4D1DA19F2BB4C8FB00A1E777 /* Navigation.app */;
			productType = "com.apple.product-type.application";
		};
		4DBFBCFD2BFF61A0009E6EFB /* StorageService */ = {
			isa = PBXNativeTarget;
			buildConfigurationList = 4DBFBD1A2BFF61A0009E6EFB /* Build configuration list for PBXNativeTarget "StorageService" */;
			buildPhases = (
				4DBFBCF92BFF61A0009E6EFB /* Headers */,
				4DBFBCFA2BFF61A0009E6EFB /* Sources */,
				4DBFBCFB2BFF61A0009E6EFB /* Frameworks */,
				4DBFBCFC2BFF61A0009E6EFB /* Resources */,
			);
			buildRules = (
			);
			dependencies = (
			);
			name = StorageService;
			productName = StorageService;
			productReference = 4DBFBCFE2BFF61A0009E6EFB /* StorageService.framework */;
			productType = "com.apple.product-type.framework";
		};
		4DBFBD062BFF61A0009E6EFB /* StorageServiceTests */ = {
			isa = PBXNativeTarget;
			buildConfigurationList = 4DBFBD1B2BFF61A0009E6EFB /* Build configuration list for PBXNativeTarget "StorageServiceTests" */;
			buildPhases = (
				4DBFBD032BFF61A0009E6EFB /* Sources */,
				4DBFBD042BFF61A0009E6EFB /* Frameworks */,
				4DBFBD052BFF61A0009E6EFB /* Resources */,
			);
			buildRules = (
			);
			dependencies = (
				4DBFBD0A2BFF61A0009E6EFB /* PBXTargetDependency */,
				4DBFBD0C2BFF61A0009E6EFB /* PBXTargetDependency */,
			);
			name = StorageServiceTests;
			productName = StorageServiceTests;
			productReference = 4DBFBD072BFF61A0009E6EFB /* StorageServiceTests.xctest */;
			productType = "com.apple.product-type.bundle.unit-test";
		};
/* End PBXNativeTarget section */

/* Begin PBXProject section */
		4D1DA1972BB4C8FB00A1E777 /* Project object */ = {
			isa = PBXProject;
			attributes = {
				BuildIndependentTargetsInParallel = 1;
				LastSwiftUpdateCheck = 1530;
				LastUpgradeCheck = 1530;
				TargetAttributes = {
					4D1DA19E2BB4C8FB00A1E777 = {
						CreatedOnToolsVersion = 15.3;
					};
					4DBFBCFD2BFF61A0009E6EFB = {
						CreatedOnToolsVersion = 15.3;
					};
					4DBFBD062BFF61A0009E6EFB = {
						CreatedOnToolsVersion = 15.3;
						TestTargetID = 4D1DA19E2BB4C8FB00A1E777;
					};
				};
			};
			buildConfigurationList = 4D1DA19A2BB4C8FB00A1E777 /* Build configuration list for PBXProject "Navigation" */;
			compatibilityVersion = "Xcode 14.0";
			developmentRegion = en;
			hasScannedForEncodings = 0;
			knownRegions = (
				en,
				Base,
			);
			mainGroup = 4D1DA1962BB4C8FB00A1E777;
			productRefGroup = 4D1DA1A02BB4C8FB00A1E777 /* Products */;
			projectDirPath = "";
			projectRoot = "";
			targets = (
				4D1DA19E2BB4C8FB00A1E777 /* Navigation */,
				4DBFBCFD2BFF61A0009E6EFB /* StorageService */,
				4DBFBD062BFF61A0009E6EFB /* StorageServiceTests */,
			);
		};
/* End PBXProject section */

/* Begin PBXResourcesBuildPhase section */
		4D1DA19D2BB4C8FB00A1E777 /* Resources */ = {
			isa = PBXResourcesBuildPhase;
			buildActionMask = 2147483647;
			files = (
				4D1DA1AC2BB4C8FC00A1E777 /* Assets.xcassets in Resources */,
				4D1DA1AF2BB4C8FC00A1E777 /* Base in Resources */,
			);
			runOnlyForDeploymentPostprocessing = 0;
		};
		4DBFBCFC2BFF61A0009E6EFB /* Resources */ = {
			isa = PBXResourcesBuildPhase;
			buildActionMask = 2147483647;
			files = (
			);
			runOnlyForDeploymentPostprocessing = 0;
		};
		4DBFBD052BFF61A0009E6EFB /* Resources */ = {
			isa = PBXResourcesBuildPhase;
			buildActionMask = 2147483647;
			files = (
			);
			runOnlyForDeploymentPostprocessing = 0;
		};
/* End PBXResourcesBuildPhase section */

/* Begin PBXSourcesBuildPhase section */
		4D1DA19B2BB4C8FB00A1E777 /* Sources */ = {
			isa = PBXSourcesBuildPhase;
			buildActionMask = 2147483647;
			files = (
				4D1B819F2C06124800212D36 /* Reusable.swift in Sources */,
				4D1B81A92C06141A00212D36 /* PhotosViewController.swift in Sources */,
				4DFF97EA2C0BAB290039C9F8 /* UserService.swift in Sources */,
				4D0DC8382C17152500FC1422 /* Checker.swift in Sources */,
				4D12EA8A2BF7658400D745C0 /* PostTableViewCell.swift in Sources */,
				4DFF97EC2C11D87D0039C9F8 /* CurrentUserService.swift in Sources */,
				4D1DA1BB2BB4CB4C00A1E777 /* PostViewController.swift in Sources */,
				4D1DA1A72BB4C8FB00A1E777 /* ViewController.swift in Sources */,
				4D1DA1A32BB4C8FB00A1E777 /* AppDelegate.swift in Sources */,
				4D1DA1B92BB4CAA500A1E777 /* ProfileViewController.swift in Sources */,
				4DFF97E72C0BA7460039C9F8 /* User.swift in Sources */,
				4D1B81A22C06135700212D36 /* Photo.swift in Sources */,
				4D0DC8352C1712B200FC1422 /* CustomButton.swift in Sources */,
				4D12EA8D2BF7661400D745C0 /* UITableView.swift in Sources */,
				4D1B81A52C0613A500212D36 /* PhotosTableViewCell.swift in Sources */,
				4D3BF30A2BBABAC900A3E0B0 /* ProfileHeaderView.swift in Sources */,
				4DFF97F02C11E79E0039C9F8 /* TestUserService.swift in Sources */,
				4D0DC83E2C17274A00FC1422 /* LoginInspector.swift in Sources */,
				4D1DA1B72BB4CA7400A1E777 /* FeedViewController.swift in Sources */,
				4D1B81A72C0613E100212D36 /* PhotosCollectionViewCell.swift in Sources */,
				4D1DA1BF2BB4CBA200A1E777 /* InfoViewController.swift in Sources */,
				4D3BF30C2BBEDC4E00A3E0B0 /* LogInViewController.swift in Sources */,
				4D0DC83C2C1725BE00FC1422 /* LoginViewControllerDelegate.swift in Sources */,
				4D1DA1A52BB4C8FB00A1E777 /* SceneDelegate.swift in Sources */,
				4D0DC83A2C1716D800FC1422 /* UsersList.swift in Sources */,
			);
			runOnlyForDeploymentPostprocessing = 0;
		};
		4DBFBCFA2BFF61A0009E6EFB /* Sources */ = {
			isa = PBXSourcesBuildPhase;
			buildActionMask = 2147483647;
			files = (
				4DBFBD022BFF61A0009E6EFB /* StorageService.docc in Sources */,
				4DBFBD1C2BFF61D6009E6EFB /* Post.swift in Sources */,
			);
			runOnlyForDeploymentPostprocessing = 0;
		};
		4DBFBD032BFF61A0009E6EFB /* Sources */ = {
			isa = PBXSourcesBuildPhase;
			buildActionMask = 2147483647;
			files = (
				4DBFBD0F2BFF61A0009E6EFB /* StorageServiceTests.swift in Sources */,
			);
			runOnlyForDeploymentPostprocessing = 0;
		};
/* End PBXSourcesBuildPhase section */

/* Begin PBXTargetDependency section */
		4DBFBD0A2BFF61A0009E6EFB /* PBXTargetDependency */ = {
			isa = PBXTargetDependency;
			target = 4DBFBCFD2BFF61A0009E6EFB /* StorageService */;
			targetProxy = 4DBFBD092BFF61A0009E6EFB /* PBXContainerItemProxy */;
		};
		4DBFBD0C2BFF61A0009E6EFB /* PBXTargetDependency */ = {
			isa = PBXTargetDependency;
			target = 4D1DA19E2BB4C8FB00A1E777 /* Navigation */;
			targetProxy = 4DBFBD0B2BFF61A0009E6EFB /* PBXContainerItemProxy */;
		};
		4DBFBD122BFF61A0009E6EFB /* PBXTargetDependency */ = {
			isa = PBXTargetDependency;
			target = 4DBFBCFD2BFF61A0009E6EFB /* StorageService */;
			targetProxy = 4DBFBD112BFF61A0009E6EFB /* PBXContainerItemProxy */;
		};
/* End PBXTargetDependency section */

/* Begin PBXVariantGroup section */
		4D1DA1AD2BB4C8FC00A1E777 /* LaunchScreen.storyboard */ = {
			isa = PBXVariantGroup;
			children = (
				4D1DA1AE2BB4C8FC00A1E777 /* Base */,
			);
			name = LaunchScreen.storyboard;
			sourceTree = "<group>";
		};
/* End PBXVariantGroup section */

/* Begin XCBuildConfiguration section */
		4D1DA1B12BB4C8FC00A1E777 /* Debug */ = {
			isa = XCBuildConfiguration;
			buildSettings = {
				ALWAYS_SEARCH_USER_PATHS = NO;
				ASSETCATALOG_COMPILER_GENERATE_SWIFT_ASSET_SYMBOL_EXTENSIONS = YES;
				CLANG_ANALYZER_NONNULL = YES;
				CLANG_ANALYZER_NUMBER_OBJECT_CONVERSION = YES_AGGRESSIVE;
				CLANG_CXX_LANGUAGE_STANDARD = "gnu++20";
				CLANG_ENABLE_MODULES = YES;
				CLANG_ENABLE_OBJC_ARC = YES;
				CLANG_ENABLE_OBJC_WEAK = YES;
				CLANG_WARN_BLOCK_CAPTURE_AUTORELEASING = YES;
				CLANG_WARN_BOOL_CONVERSION = YES;
				CLANG_WARN_COMMA = YES;
				CLANG_WARN_CONSTANT_CONVERSION = YES;
				CLANG_WARN_DEPRECATED_OBJC_IMPLEMENTATIONS = YES;
				CLANG_WARN_DIRECT_OBJC_ISA_USAGE = YES_ERROR;
				CLANG_WARN_DOCUMENTATION_COMMENTS = YES;
				CLANG_WARN_EMPTY_BODY = YES;
				CLANG_WARN_ENUM_CONVERSION = YES;
				CLANG_WARN_INFINITE_RECURSION = YES;
				CLANG_WARN_INT_CONVERSION = YES;
				CLANG_WARN_NON_LITERAL_NULL_CONVERSION = YES;
				CLANG_WARN_OBJC_IMPLICIT_RETAIN_SELF = YES;
				CLANG_WARN_OBJC_LITERAL_CONVERSION = YES;
				CLANG_WARN_OBJC_ROOT_CLASS = YES_ERROR;
				CLANG_WARN_QUOTED_INCLUDE_IN_FRAMEWORK_HEADER = YES;
				CLANG_WARN_RANGE_LOOP_ANALYSIS = YES;
				CLANG_WARN_STRICT_PROTOTYPES = YES;
				CLANG_WARN_SUSPICIOUS_MOVE = YES;
				CLANG_WARN_UNGUARDED_AVAILABILITY = YES_AGGRESSIVE;
				CLANG_WARN_UNREACHABLE_CODE = YES;
				CLANG_WARN__DUPLICATE_METHOD_MATCH = YES;
				COPY_PHASE_STRIP = NO;
				DEBUG_INFORMATION_FORMAT = dwarf;
				ENABLE_STRICT_OBJC_MSGSEND = YES;
				ENABLE_TESTABILITY = YES;
				ENABLE_USER_SCRIPT_SANDBOXING = YES;
				GCC_C_LANGUAGE_STANDARD = gnu17;
				GCC_DYNAMIC_NO_PIC = NO;
				GCC_NO_COMMON_BLOCKS = YES;
				GCC_OPTIMIZATION_LEVEL = 0;
				GCC_PREPROCESSOR_DEFINITIONS = (
					"DEBUG=1",
					"$(inherited)",
				);
				GCC_WARN_64_TO_32_BIT_CONVERSION = YES;
				GCC_WARN_ABOUT_RETURN_TYPE = YES_ERROR;
				GCC_WARN_UNDECLARED_SELECTOR = YES;
				GCC_WARN_UNINITIALIZED_AUTOS = YES_AGGRESSIVE;
				GCC_WARN_UNUSED_FUNCTION = YES;
				GCC_WARN_UNUSED_VARIABLE = YES;
				IPHONEOS_DEPLOYMENT_TARGET = 17.4;
				LOCALIZATION_PREFERS_STRING_CATALOGS = YES;
				MTL_ENABLE_DEBUG_INFO = INCLUDE_SOURCE;
				MTL_FAST_MATH = YES;
				ONLY_ACTIVE_ARCH = YES;
				SDKROOT = iphoneos;
				SWIFT_ACTIVE_COMPILATION_CONDITIONS = "DEBUG $(inherited)";
				SWIFT_OPTIMIZATION_LEVEL = "-Onone";
			};
			name = Debug;
		};
		4D1DA1B22BB4C8FC00A1E777 /* Release */ = {
			isa = XCBuildConfiguration;
			buildSettings = {
				ALWAYS_SEARCH_USER_PATHS = NO;
				ASSETCATALOG_COMPILER_GENERATE_SWIFT_ASSET_SYMBOL_EXTENSIONS = YES;
				CLANG_ANALYZER_NONNULL = YES;
				CLANG_ANALYZER_NUMBER_OBJECT_CONVERSION = YES_AGGRESSIVE;
				CLANG_CXX_LANGUAGE_STANDARD = "gnu++20";
				CLANG_ENABLE_MODULES = YES;
				CLANG_ENABLE_OBJC_ARC = YES;
				CLANG_ENABLE_OBJC_WEAK = YES;
				CLANG_WARN_BLOCK_CAPTURE_AUTORELEASING = YES;
				CLANG_WARN_BOOL_CONVERSION = YES;
				CLANG_WARN_COMMA = YES;
				CLANG_WARN_CONSTANT_CONVERSION = YES;
				CLANG_WARN_DEPRECATED_OBJC_IMPLEMENTATIONS = YES;
				CLANG_WARN_DIRECT_OBJC_ISA_USAGE = YES_ERROR;
				CLANG_WARN_DOCUMENTATION_COMMENTS = YES;
				CLANG_WARN_EMPTY_BODY = YES;
				CLANG_WARN_ENUM_CONVERSION = YES;
				CLANG_WARN_INFINITE_RECURSION = YES;
				CLANG_WARN_INT_CONVERSION = YES;
				CLANG_WARN_NON_LITERAL_NULL_CONVERSION = YES;
				CLANG_WARN_OBJC_IMPLICIT_RETAIN_SELF = YES;
				CLANG_WARN_OBJC_LITERAL_CONVERSION = YES;
				CLANG_WARN_OBJC_ROOT_CLASS = YES_ERROR;
				CLANG_WARN_QUOTED_INCLUDE_IN_FRAMEWORK_HEADER = YES;
				CLANG_WARN_RANGE_LOOP_ANALYSIS = YES;
				CLANG_WARN_STRICT_PROTOTYPES = YES;
				CLANG_WARN_SUSPICIOUS_MOVE = YES;
				CLANG_WARN_UNGUARDED_AVAILABILITY = YES_AGGRESSIVE;
				CLANG_WARN_UNREACHABLE_CODE = YES;
				CLANG_WARN__DUPLICATE_METHOD_MATCH = YES;
				COPY_PHASE_STRIP = NO;
				DEBUG_INFORMATION_FORMAT = "dwarf-with-dsym";
				ENABLE_NS_ASSERTIONS = NO;
				ENABLE_STRICT_OBJC_MSGSEND = YES;
				ENABLE_USER_SCRIPT_SANDBOXING = YES;
				GCC_C_LANGUAGE_STANDARD = gnu17;
				GCC_NO_COMMON_BLOCKS = YES;
				GCC_WARN_64_TO_32_BIT_CONVERSION = YES;
				GCC_WARN_ABOUT_RETURN_TYPE = YES_ERROR;
				GCC_WARN_UNDECLARED_SELECTOR = YES;
				GCC_WARN_UNINITIALIZED_AUTOS = YES_AGGRESSIVE;
				GCC_WARN_UNUSED_FUNCTION = YES;
				GCC_WARN_UNUSED_VARIABLE = YES;
				IPHONEOS_DEPLOYMENT_TARGET = 17.4;
				LOCALIZATION_PREFERS_STRING_CATALOGS = YES;
				MTL_ENABLE_DEBUG_INFO = NO;
				MTL_FAST_MATH = YES;
				SDKROOT = iphoneos;
				SWIFT_COMPILATION_MODE = wholemodule;
				VALIDATE_PRODUCT = YES;
			};
			name = Release;
		};
		4D1DA1B42BB4C8FC00A1E777 /* Debug */ = {
			isa = XCBuildConfiguration;
			buildSettings = {
				ALWAYS_EMBED_SWIFT_STANDARD_LIBRARIES = YES;
				ASSETCATALOG_COMPILER_APPICON_NAME = AppIcon;
				ASSETCATALOG_COMPILER_GLOBAL_ACCENT_COLOR_NAME = AccentColor;
				CODE_SIGN_STYLE = Automatic;
				CURRENT_PROJECT_VERSION = 1;
				GENERATE_INFOPLIST_FILE = YES;
				INFOPLIST_FILE = Navigation/Info.plist;
				INFOPLIST_KEY_UIApplicationSupportsIndirectInputEvents = YES;
				INFOPLIST_KEY_UILaunchStoryboardName = LaunchScreen;
				INFOPLIST_KEY_UISupportedInterfaceOrientations_iPad = "UIInterfaceOrientationPortrait UIInterfaceOrientationPortraitUpsideDown UIInterfaceOrientationLandscapeLeft UIInterfaceOrientationLandscapeRight";
				INFOPLIST_KEY_UISupportedInterfaceOrientations_iPhone = "UIInterfaceOrientationPortrait UIInterfaceOrientationLandscapeLeft UIInterfaceOrientationLandscapeRight";
				IPHONEOS_DEPLOYMENT_TARGET = 16.1;
				LD_RUNPATH_SEARCH_PATHS = (
					"$(inherited)",
					"@executable_path/Frameworks",
				);
				MARKETING_VERSION = 1.0;
				PRODUCT_BUNDLE_IDENTIFIER = com.Navigation;
				PRODUCT_NAME = "$(TARGET_NAME)";
				SWIFT_EMIT_LOC_STRINGS = YES;
				SWIFT_VERSION = 5.0;
				TARGETED_DEVICE_FAMILY = "1,2";
			};
			name = Debug;
		};
		4D1DA1B52BB4C8FC00A1E777 /* Release */ = {
			isa = XCBuildConfiguration;
			buildSettings = {
				ALWAYS_EMBED_SWIFT_STANDARD_LIBRARIES = YES;
				ASSETCATALOG_COMPILER_APPICON_NAME = AppIcon;
				ASSETCATALOG_COMPILER_GLOBAL_ACCENT_COLOR_NAME = AccentColor;
				CODE_SIGN_STYLE = Automatic;
				CURRENT_PROJECT_VERSION = 1;
				GENERATE_INFOPLIST_FILE = YES;
				INFOPLIST_FILE = Navigation/Info.plist;
				INFOPLIST_KEY_UIApplicationSupportsIndirectInputEvents = YES;
				INFOPLIST_KEY_UILaunchStoryboardName = LaunchScreen;
				INFOPLIST_KEY_UISupportedInterfaceOrientations_iPad = "UIInterfaceOrientationPortrait UIInterfaceOrientationPortraitUpsideDown UIInterfaceOrientationLandscapeLeft UIInterfaceOrientationLandscapeRight";
				INFOPLIST_KEY_UISupportedInterfaceOrientations_iPhone = "UIInterfaceOrientationPortrait UIInterfaceOrientationLandscapeLeft UIInterfaceOrientationLandscapeRight";
				IPHONEOS_DEPLOYMENT_TARGET = 16.1;
				LD_RUNPATH_SEARCH_PATHS = (
					"$(inherited)",
					"@executable_path/Frameworks",
				);
				MARKETING_VERSION = 1.0;
				PRODUCT_BUNDLE_IDENTIFIER = com.Navigation;
				PRODUCT_NAME = "$(TARGET_NAME)";
				SWIFT_EMIT_LOC_STRINGS = YES;
				SWIFT_VERSION = 5.0;
				TARGETED_DEVICE_FAMILY = "1,2";
			};
			name = Release;
		};
		4DBFBD162BFF61A0009E6EFB /* Debug */ = {
			isa = XCBuildConfiguration;
			buildSettings = {
				BUILD_LIBRARY_FOR_DISTRIBUTION = YES;
				CODE_SIGN_STYLE = Automatic;
				CURRENT_PROJECT_VERSION = 1;
				DEFINES_MODULE = YES;
				DYLIB_COMPATIBILITY_VERSION = 1;
				DYLIB_CURRENT_VERSION = 1;
				DYLIB_INSTALL_NAME_BASE = "@rpath";
				ENABLE_MODULE_VERIFIER = YES;
				GENERATE_INFOPLIST_FILE = YES;
				INFOPLIST_KEY_NSHumanReadableCopyright = "";
				INSTALL_PATH = "$(LOCAL_LIBRARY_DIR)/Frameworks";
				LD_RUNPATH_SEARCH_PATHS = (
					"$(inherited)",
					"@executable_path/Frameworks",
					"@loader_path/Frameworks",
				);
				MARKETING_VERSION = 1.0;
				MODULE_VERIFIER_SUPPORTED_LANGUAGES = "objective-c objective-c++";
				MODULE_VERIFIER_SUPPORTED_LANGUAGE_STANDARDS = "gnu17 gnu++20";
				PRODUCT_BUNDLE_IDENTIFIER = com.StorageService;
				PRODUCT_NAME = "$(TARGET_NAME:c99extidentifier)";
				SKIP_INSTALL = YES;
				SWIFT_EMIT_LOC_STRINGS = YES;
				SWIFT_INSTALL_OBJC_HEADER = NO;
				SWIFT_VERSION = 5.0;
				TARGETED_DEVICE_FAMILY = "1,2";
				VERSIONING_SYSTEM = "apple-generic";
				VERSION_INFO_PREFIX = "";
			};
			name = Debug;
		};
		4DBFBD172BFF61A0009E6EFB /* Release */ = {
			isa = XCBuildConfiguration;
			buildSettings = {
				BUILD_LIBRARY_FOR_DISTRIBUTION = YES;
				CODE_SIGN_STYLE = Automatic;
				CURRENT_PROJECT_VERSION = 1;
				DEFINES_MODULE = YES;
				DYLIB_COMPATIBILITY_VERSION = 1;
				DYLIB_CURRENT_VERSION = 1;
				DYLIB_INSTALL_NAME_BASE = "@rpath";
				ENABLE_MODULE_VERIFIER = YES;
				GENERATE_INFOPLIST_FILE = YES;
				INFOPLIST_KEY_NSHumanReadableCopyright = "";
				INSTALL_PATH = "$(LOCAL_LIBRARY_DIR)/Frameworks";
				LD_RUNPATH_SEARCH_PATHS = (
					"$(inherited)",
					"@executable_path/Frameworks",
					"@loader_path/Frameworks",
				);
				MARKETING_VERSION = 1.0;
				MODULE_VERIFIER_SUPPORTED_LANGUAGES = "objective-c objective-c++";
				MODULE_VERIFIER_SUPPORTED_LANGUAGE_STANDARDS = "gnu17 gnu++20";
				PRODUCT_BUNDLE_IDENTIFIER = com.StorageService;
				PRODUCT_NAME = "$(TARGET_NAME:c99extidentifier)";
				SKIP_INSTALL = YES;
				SWIFT_EMIT_LOC_STRINGS = YES;
				SWIFT_INSTALL_OBJC_HEADER = NO;
				SWIFT_VERSION = 5.0;
				TARGETED_DEVICE_FAMILY = "1,2";
				VERSIONING_SYSTEM = "apple-generic";
				VERSION_INFO_PREFIX = "";
			};
			name = Release;
		};
		4DBFBD182BFF61A0009E6EFB /* Debug */ = {
			isa = XCBuildConfiguration;
			buildSettings = {
				ALWAYS_EMBED_SWIFT_STANDARD_LIBRARIES = YES;
				CODE_SIGN_STYLE = Automatic;
				CURRENT_PROJECT_VERSION = 1;
				GENERATE_INFOPLIST_FILE = YES;
				MARKETING_VERSION = 1.0;
				PRODUCT_BUNDLE_IDENTIFIER = com.StorageServiceTests;
				PRODUCT_NAME = "$(TARGET_NAME)";
				SWIFT_EMIT_LOC_STRINGS = NO;
				SWIFT_VERSION = 5.0;
				TARGETED_DEVICE_FAMILY = "1,2";
				TEST_HOST = "$(BUILT_PRODUCTS_DIR)/Navigation.app/$(BUNDLE_EXECUTABLE_FOLDER_PATH)/Navigation";
			};
			name = Debug;
		};
		4DBFBD192BFF61A0009E6EFB /* Release */ = {
			isa = XCBuildConfiguration;
			buildSettings = {
				ALWAYS_EMBED_SWIFT_STANDARD_LIBRARIES = YES;
				CODE_SIGN_STYLE = Automatic;
				CURRENT_PROJECT_VERSION = 1;
				GENERATE_INFOPLIST_FILE = YES;
				MARKETING_VERSION = 1.0;
				PRODUCT_BUNDLE_IDENTIFIER = com.StorageServiceTests;
				PRODUCT_NAME = "$(TARGET_NAME)";
				SWIFT_EMIT_LOC_STRINGS = NO;
				SWIFT_VERSION = 5.0;
				TARGETED_DEVICE_FAMILY = "1,2";
				TEST_HOST = "$(BUILT_PRODUCTS_DIR)/Navigation.app/$(BUNDLE_EXECUTABLE_FOLDER_PATH)/Navigation";
			};
			name = Release;
		};
/* End XCBuildConfiguration section */

/* Begin XCConfigurationList section */
		4D1DA19A2BB4C8FB00A1E777 /* Build configuration list for PBXProject "Navigation" */ = {
			isa = XCConfigurationList;
			buildConfigurations = (
				4D1DA1B12BB4C8FC00A1E777 /* Debug */,
				4D1DA1B22BB4C8FC00A1E777 /* Release */,
			);
			defaultConfigurationIsVisible = 0;
			defaultConfigurationName = Release;
		};
		4D1DA1B32BB4C8FC00A1E777 /* Build configuration list for PBXNativeTarget "Navigation" */ = {
			isa = XCConfigurationList;
			buildConfigurations = (
				4D1DA1B42BB4C8FC00A1E777 /* Debug */,
				4D1DA1B52BB4C8FC00A1E777 /* Release */,
			);
			defaultConfigurationIsVisible = 0;
			defaultConfigurationName = Release;
		};
		4DBFBD1A2BFF61A0009E6EFB /* Build configuration list for PBXNativeTarget "StorageService" */ = {
			isa = XCConfigurationList;
			buildConfigurations = (
				4DBFBD162BFF61A0009E6EFB /* Debug */,
				4DBFBD172BFF61A0009E6EFB /* Release */,
			);
			defaultConfigurationIsVisible = 0;
			defaultConfigurationName = Release;
		};
		4DBFBD1B2BFF61A0009E6EFB /* Build configuration list for PBXNativeTarget "StorageServiceTests" */ = {
			isa = XCConfigurationList;
			buildConfigurations = (
				4DBFBD182BFF61A0009E6EFB /* Debug */,
				4DBFBD192BFF61A0009E6EFB /* Release */,
			);
			defaultConfigurationIsVisible = 0;
			defaultConfigurationName = Release;
		};
/* End XCConfigurationList section */
	};
	rootObject = 4D1DA1972BB4C8FB00A1E777 /* Project object */;
}
